
Microsoft Visual Studio Solution File, Format Version 12.00
# Visual Studio 15
VisualStudioVersion = 15.0.28307.168
MinimumVisualStudioVersion = 10.0.40219.1
Project("{FAE04EC0-301F-11D3-BF4B-00C04F79EFBC}") = "RuletaJava", "RuletaJava\RuletaJava.csproj", "{746D13A0-302A-462E-9CED-5AC035F64B4F}"
EndProject
Global
	GlobalSection(SolutionConfigurationPlatforms) = preSolution
		Debug|Any CPU = Debug|Any CPU
		Release|Any CPU = Release|Any CPU
	EndGlobalSection
	GlobalSection(ProjectConfigurationPlatforms) = postSolution
		{746D13A0-302A-462E-9CED-5AC035F64B4F}.Debug|Any CPU.ActiveCfg = Debug|Any CPU
		{746D13A0-302A-462E-9CED-5AC035F64B4F}.Debug|Any CPU.Build.0 = Debug|Any CPU
		{746D13A0-302A-462E-9CED-5AC035F64B4F}.Release|Any CPU.ActiveCfg = Release|Any CPU
		{746D13A0-302A-462E-9CED-5AC035F64B4F}.Release|Any CPU.Build.0 = Release|Any CPU
	EndGlobalSection
	GlobalSection(SolutionProperties) = preSolution
		HideSolutionNode = FALSE
	EndGlobalSection
	GlobalSection(ExtensibilityGlobals) = postSolution
		SolutionGuid = {2C1A924C-04A8-4E6B-95D4-DB67C72E9D33}
	EndGlobalSection
EndGlobal
